{
  "name": "tests",
  "version": "1.0.0",
  "lockfileVersion": 1,
  "requires": true,
  "dependencies": {
    "@glorious/demo": {
      "version": "0.8.1",
      "resolved": "https://registry.npmjs.org/@glorious/demo/-/demo-0.8.1.tgz",
      "integrity": "sha512-ucr1eLrWZIvPE8IiNALwA5Q3k8/fhiK78JVR4FRi3BR8WYnniQz5e9b5gfnW56uW7l0+j+Jcae9byY4cXT96Gw=="
    },
    "prismjs": {
      "version": "1.24.0",
      "resolved": "https://registry.npmjs.org/prismjs/-/prismjs-1.24.0.tgz",
      "integrity": "sha512-SqV5GRsNqnzCL8k5dfAjCNhUrF3pR0A9lTDSCUZeh/LIshheXJEaP0hwLz2t4XHivd2J/v2HR+gRnigzeKe3cQ=="
    }
  }
}
