{
  "name": "tests",
  "version": "1.0.0",
  "lockfileVersion": 1,
  "requires": true,
  "dependencies": {
    "@glorious/demo": {
      "version": "0.8.1",
      "resolved": "https://registry.npmjs.org/@glorious/demo/-/demo-0.8.1.tgz",
      "integrity": "sha512-ucr1eLrWZIvPE8IiNALwA5Q3k8/fhiK78JVR4FRi3BR8WYnniQz5e9b5gfnW56uW7l0+j+Jcae9byY4cXT96Gw=="
    },
    "prismjs": {
      "version": "1.27.0",
      "resolved": "https://registry.npmjs.org/prismjs/-/prismjs-1.27.0.tgz",
      "integrity": "sha512-t13BGPUlFDR7wRB5kQDG4jjl7XeuH6jbJGt11JHPL96qwsEHNX2+68tFXqc1/k+/jALsbSWJKUOT/hcYAZ5LkA=="
    }
  }
}
